
Microsoft Visual Studio Solution File, Format Version 12.00
# Visual Studio Version 17
VisualStudioVersion = 17.14.36616.10 d17.14
MinimumVisualStudioVersion = 10.0.40219.1
Project("{888888A0-9F3D-457C-B088-3A5042F75D52}") = "Restaurant Manager", "Restaurant Manager.pyproj", "{BA3B250A-0162-4F16-B4C8-937C64A43876}"
EndProject
Global
	GlobalSection(SolutionConfigurationPlatforms) = preSolution
		Debug|Any CPU = Debug|Any CPU
		Release|Any CPU = Release|Any CPU
	EndGlobalSection
	GlobalSection(ProjectConfigurationPlatforms) = postSolution
		{BA3B250A-0162-4F16-B4C8-937C64A43876}.Debug|Any CPU.ActiveCfg = Debug|Any CPU
		{BA3B250A-0162-4F16-B4C8-937C64A43876}.Release|Any CPU.ActiveCfg = Release|Any CPU
	EndGlobalSection
	GlobalSection(SolutionProperties) = preSolution
		HideSolutionNode = FALSE
	EndGlobalSection
	GlobalSection(ExtensibilityGlobals) = postSolution
		SolutionGuid = {FD5CF05E-A6C7-45F1-9C09-7D4A61AE7288}
	EndGlobalSection
EndGlobal
